
Microsoft Visual Studio Solution File, Format Version 12.00
# Visual Studio Version 16
VisualStudioVersion = 16.0.29215.179
MinimumVisualStudioVersion = 10.0.40219.1
Project("{FAE04EC0-301F-11D3-BF4B-00C04F79EFBC}") = "f2c-methods", "f2c-methods.csproj", "{F04624FB-C696-4ABF-8633-02D3B60F6B08}"
EndProject
Global
	GlobalSection(SolutionConfigurationPlatforms) = preSolution
		Debug|Any CPU = Debug|Any CPU
		Release|Any CPU = Release|Any CPU
	EndGlobalSection
	GlobalSection(ProjectConfigurationPlatforms) = postSolution
		{F04624FB-C696-4ABF-8633-02D3B60F6B08}.Debug|Any CPU.ActiveCfg = Debug|Any CPU
		{F04624FB-C696-4ABF-8633-02D3B60F6B08}.Debug|Any CPU.Build.0 = Debug|Any CPU
		{F04624FB-C696-4ABF-8633-02D3B60F6B08}.Release|Any CPU.ActiveCfg = Release|Any CPU
		{F04624FB-C696-4ABF-8633-02D3B60F6B08}.Release|Any CPU.Build.0 = Release|Any CPU
	EndGlobalSection
	GlobalSection(SolutionProperties) = preSolution
		HideSolutionNode = FALSE
	EndGlobalSection
	GlobalSection(ExtensibilityGlobals) = postSolution
		SolutionGuid = {7D0A2E29-5BB8-4FE3-9606-ECAA6F1AAD4D}
	EndGlobalSection
EndGlobal
